
Microsoft Visual Studio Solution File, Format Version 12.00
# Visual Studio 15
Project("{FAE04EC0-301F-11D3-BF4B-00C04F79EFBC}") = "Assembly-CSharp", "Assembly-CSharp.csproj", "{1AF849DE-B65C-EFE0-F085-FED065DB638E}"
EndProject
Project("{FAE04EC0-301F-11D3-BF4B-00C04F79EFBC}") = "Assembly-CSharp-Editor", "Assembly-CSharp-Editor.csproj", "{7731CC4B-261D-A85F-30E1-6A6B81B9DA2B}"
EndProject
Global
	GlobalSection(SolutionConfigurationPlatforms) = preSolution
		Debug|Any CPU = Debug|Any CPU
		Release|Any CPU = Release|Any CPU
	EndGlobalSection
	GlobalSection(ProjectConfigurationPlatforms) = postSolution
		{1AF849DE-B65C-EFE0-F085-FED065DB638E}.Debug|Any CPU.ActiveCfg = Debug|Any CPU
		{1AF849DE-B65C-EFE0-F085-FED065DB638E}.Debug|Any CPU.Build.0 = Debug|Any CPU
		{1AF849DE-B65C-EFE0-F085-FED065DB638E}.Release|Any CPU.ActiveCfg = Release|Any CPU
		{1AF849DE-B65C-EFE0-F085-FED065DB638E}.Release|Any CPU.Build.0 = Release|Any CPU
		{7731CC4B-261D-A85F-30E1-6A6B81B9DA2B}.Debug|Any CPU.ActiveCfg = Debug|Any CPU
		{7731CC4B-261D-A85F-30E1-6A6B81B9DA2B}.Debug|Any CPU.Build.0 = Debug|Any CPU
		{7731CC4B-261D-A85F-30E1-6A6B81B9DA2B}.Release|Any CPU.ActiveCfg = Release|Any CPU
		{7731CC4B-261D-A85F-30E1-6A6B81B9DA2B}.Release|Any CPU.Build.0 = Release|Any CPU
	EndGlobalSection
	GlobalSection(SolutionProperties) = preSolution
		HideSolutionNode = FALSE
	EndGlobalSection
EndGlobal
